
Microsoft Visual Studio Solution File, Format Version 12.00
# Visual Studio Version 16
VisualStudioVersion = 16.0.32413.511
MinimumVisualStudioVersion = 10.0.40219.1
Project("{159641D6-6404-4A2A-AE62-294DE0FE8301}") = "DA", "DA.dtproj", "{9C2E2080-23CE-4F36-8938-97AD7BEDA3D8}"
EndProject
Global
	GlobalSection(SolutionConfigurationPlatforms) = preSolution
		Development|Default = Development|Default
	EndGlobalSection
	GlobalSection(ProjectConfigurationPlatforms) = postSolution
		{9C2E2080-23CE-4F36-8938-97AD7BEDA3D8}.Development|Default.ActiveCfg = Development
		{9C2E2080-23CE-4F36-8938-97AD7BEDA3D8}.Development|Default.Build.0 = Development
	EndGlobalSection
	GlobalSection(SolutionProperties) = preSolution
		HideSolutionNode = FALSE
	EndGlobalSection
	GlobalSection(ExtensibilityGlobals) = postSolution
		SolutionGuid = {26DAAFA3-95A2-466C-B530-58C4A1AEE532}
	EndGlobalSection
EndGlobal
